{
  "name": "prolancify-main",
  "version": "1.0.0",
  "lockfileVersion": 2,
  "requires": true,
  "packages": {
    "": {
      "name": "prolancify-main",
      "version": "1.0.0",
      "license": "ISC",
      "dependencies": {
        "eventsource-parser": "^0.1.0"
      }
    },
    "node_modules/eventsource-parser": {
      "version": "0.1.0",
      "resolved": "https://registry.npmjs.org/eventsource-parser/-/eventsource-parser-0.1.0.tgz",
      "integrity": "sha512-M9QjFtEIkwytUarnx113HGmgtk52LSn3jNAtnWKi3V+b9rqSfQeVdLsaD5AG/O4IrGQwmAAHBIsqbmURPTd2rA==",
      "engines": {
        "node": ">=14.18"
      }
    }
  },
  "dependencies": {
    "eventsource-parser": {
      "version": "0.1.0",
      "resolved": "https://registry.npmjs.org/eventsource-parser/-/eventsource-parser-0.1.0.tgz",
      "integrity": "sha512-M9QjFtEIkwytUarnx113HGmgtk52LSn3jNAtnWKi3V+b9rqSfQeVdLsaD5AG/O4IrGQwmAAHBIsqbmURPTd2rA=="
    }
  }
}
